<Solution>
  <Project Path="Simple-Punch-Out-Game-MOO-ICT-master/Simple Punch Out Game MOO ICT/Simple Punch Out Game MOO ICT.csproj" />
  <Project Path="Windows-Form-Snakes-Game-Tutorial-with-c-sharp-main/Classic Snakes Game Tutorial - MOO ICT/Classic Snakes Game Tutorial - MOO ICT.csproj" />
</Solution>
